// !$*UTF8*$!
{
	archiveVersion = 1;
	classes = {
	};
	objectVersion = 48;
	objects = {

/* Begin PBXBuildFile section */
		F5CEB4902039FDC100F5CB2B /* AppDelegate.swift in Sources */ = {isa = PBXBuildFile; fileRef = F5CEB48F2039FDC100F5CB2B /* AppDelegate.swift */; };
		F5CEB4922039FDC100F5CB2B /* MainViewController.swift in Sources */ = {isa = PBXBuildFile; fileRef = F5CEB4912039FDC100F5CB2B /* MainViewController.swift */; };
		F5CEB4952039FDC100F5CB2B /* Main.storyboard in Resources */ = {isa = PBXBuildFile; fileRef = F5CEB4932039FDC100F5CB2B /* Main.storyboard */; };
		F5CEB4972039FDC100F5CB2B /* Assets.xcassets in Resources */ = {isa = PBXBuildFile; fileRef = F5CEB4962039FDC100F5CB2B /* Assets.xcassets */; };
		F5CEB49A2039FDC100F5CB2B /* LaunchScreen.storyboard in Resources */ = {isa = PBXBuildFile; fileRef = F5CEB4982039FDC100F5CB2B /* LaunchScreen.storyboard */; };
		F5CEB4A4203A00C000F5CB2B /* CurrencyTxtField.swift in Sources */ = {isa = PBXBuildFile; fileRef = F5CEB4A3203A00C000F5CB2B /* CurrencyTxtField.swift */; };
		F5CEB4AC203A1E7900F5CB2B /* ShopperTests.swift in Sources */ = {isa = PBXBuildFile; fileRef = F5CEB4AB203A1E7900F5CB2B /* ShopperTests.swift */; };
		F5CEB4B5203A1F2900F5CB2B /* Wage.swift in Sources */ = {isa = PBXBuildFile; fileRef = F5CEB4B4203A1F2900F5CB2B /* Wage.swift */; };
		F5CEB4B6203A206500F5CB2B /* Wage.swift in Sources */ = {isa = PBXBuildFile; fileRef = F5CEB4B4203A1F2900F5CB2B /* Wage.swift */; };
/* End PBXBuildFile section */

/* Begin PBXContainerItemProxy section */
		F5CEB4AE203A1E7900F5CB2B /* PBXContainerItemProxy */ = {
			isa = PBXContainerItemProxy;
			containerPortal = F5CEB4842039FDC100F5CB2B /* Project object */;
			proxyType = 1;
			remoteGlobalIDString = F5CEB48B2039FDC100F5CB2B;
			remoteInfo = Shopper;
		};
/* End PBXContainerItemProxy section */

/* Begin PBXFileReference section */
		F5CEB48C2039FDC100F5CB2B /* Shopper.app */ = {isa = PBXFileReference; explicitFileType = wrapper.application; includeInIndex = 0; path = Shopper.app; sourceTree = BUILT_PRODUCTS_DIR; };
		F5CEB48F2039FDC100F5CB2B /* AppDelegate.swift */ = {isa = PBXFileReference; lastKnownFileType = sourcecode.swift; path = AppDelegate.swift; sourceTree = "<group>"; };
		F5CEB4912039FDC100F5CB2B /* MainViewController.swift */ = {isa = PBXFileReference; lastKnownFileType = sourcecode.swift; path = MainViewController.swift; sourceTree = "<group>"; };
		F5CEB4942039FDC100F5CB2B /* Base */ = {isa = PBXFileReference; lastKnownFileType = file.storyboard; name = Base; path = Base.lproj/Main.storyboard; sourceTree = "<group>"; };
		F5CEB4962039FDC100F5CB2B /* Assets.xcassets */ = {isa = PBXFileReference; lastKnownFileType = folder.assetcatalog; path = Assets.xcassets; sourceTree = "<group>"; };
		F5CEB4992039FDC100F5CB2B /* Base */ = {isa = PBXFileReference; lastKnownFileType = file.storyboard; name = Base; path = Base.lproj/LaunchScreen.storyboard; sourceTree = "<group>"; };
		F5CEB49B2039FDC100F5CB2B /* Info.plist */ = {isa = PBXFileReference; lastKnownFileType = text.plist.xml; path = Info.plist; sourceTree = "<group>"; };
		F5CEB4A3203A00C000F5CB2B /* CurrencyTxtField.swift */ = {isa = PBXFileReference; lastKnownFileType = sourcecode.swift; path = CurrencyTxtField.swift; sourceTree = "<group>"; };
		F5CEB4A9203A1E7900F5CB2B /* ShopperTests.xctest */ = {isa = PBXFileReference; explicitFileType = wrapper.cfbundle; includeInIndex = 0; path = ShopperTests.xctest; sourceTree = BUILT_PRODUCTS_DIR; };
		F5CEB4AB203A1E7900F5CB2B /* ShopperTests.swift */ = {isa = PBXFileReference; lastKnownFileType = sourcecode.swift; path = ShopperTests.swift; sourceTree = "<group>"; };
		F5CEB4AD203A1E7900F5CB2B /* Info.plist */ = {isa = PBXFileReference; lastKnownFileType = text.plist.xml; path = Info.plist; sourceTree = "<group>"; };
		F5CEB4B4203A1F2900F5CB2B /* Wage.swift */ = {isa = PBXFileReference; lastKnownFileType = sourcecode.swift; path = Wage.swift; sourceTree = "<group>"; };
/* End PBXFileReference section */

/* Begin PBXFrameworksBuildPhase section */
		F5CEB4892039FDC100F5CB2B /* Frameworks */ = {
			isa = PBXFrameworksBuildPhase;
			buildActionMask = 2147483647;
			files = (
			);
			runOnlyForDeploymentPostprocessing = 0;
		};
		F5CEB4A6203A1E7900F5CB2B /* Frameworks */ = {
			isa = PBXFrameworksBuildPhase;
			buildActionMask = 2147483647;
			files = (
			);
			runOnlyForDeploymentPostprocessing = 0;
		};
/* End PBXFrameworksBuildPhase section */

/* Begin PBXGroup section */
		F5CEB4832039FDC100F5CB2B = {
			isa = PBXGroup;
			children = (
				F5CEB48E2039FDC100F5CB2B /* Shopper */,
				F5CEB4AA203A1E7900F5CB2B /* ShopperTests */,
				F5CEB48D2039FDC100F5CB2B /* Products */,
			);
			sourceTree = "<group>";
		};
		F5CEB48D2039FDC100F5CB2B /* Products */ = {
			isa = PBXGroup;
			children = (
				F5CEB48C2039FDC100F5CB2B /* Shopper.app */,
				F5CEB4A9203A1E7900F5CB2B /* ShopperTests.xctest */,
			);
			name = Products;
			sourceTree = "<group>";
		};
		F5CEB48E2039FDC100F5CB2B /* Shopper */ = {
			isa = PBXGroup;
			children = (
				F5CEB4B3203A1F0F00F5CB2B /* Model */,
				F5CEB4A2203A007700F5CB2B /* Views */,
				F5CEB4A12039FE8A00F5CB2B /* Controller */,
				F5CEB48F2039FDC100F5CB2B /* AppDelegate.swift */,
				F5CEB4932039FDC100F5CB2B /* Main.storyboard */,
				F5CEB4962039FDC100F5CB2B /* Assets.xcassets */,
				F5CEB4982039FDC100F5CB2B /* LaunchScreen.storyboard */,
				F5CEB49B2039FDC100F5CB2B /* Info.plist */,
			);
			path = Shopper;
			sourceTree = "<group>";
		};
		F5CEB4A12039FE8A00F5CB2B /* Controller */ = {
			isa = PBXGroup;
			children = (
				F5CEB4912039FDC100F5CB2B /* MainViewController.swift */,
			);
			path = Controller;
			sourceTree = "<group>";
		};
		F5CEB4A2203A007700F5CB2B /* Views */ = {
			isa = PBXGroup;
			children = (
				F5CEB4A3203A00C000F5CB2B /* CurrencyTxtField.swift */,
			);
			path = Views;
			sourceTree = "<group>";
		};
		F5CEB4AA203A1E7900F5CB2B /* ShopperTests */ = {
			isa = PBXGroup;
			children = (
				F5CEB4AB203A1E7900F5CB2B /* ShopperTests.swift */,
				F5CEB4AD203A1E7900F5CB2B /* Info.plist */,
			);
			path = ShopperTests;
			sourceTree = "<group>";
		};
		F5CEB4B3203A1F0F00F5CB2B /* Model */ = {
			isa = PBXGroup;
			children = (
				F5CEB4B4203A1F2900F5CB2B /* Wage.swift */,
			);
			path = Model;
			sourceTree = "<group>";
		};
/* End PBXGroup section */

/* Begin PBXNativeTarget section */
		F5CEB48B2039FDC100F5CB2B /* Shopper */ = {
			isa = PBXNativeTarget;
			buildConfigurationList = F5CEB49E2039FDC100F5CB2B /* Build configuration list for PBXNativeTarget "Shopper" */;
			buildPhases = (
				F5CEB4882039FDC100F5CB2B /* Sources */,
				F5CEB4892039FDC100F5CB2B /* Frameworks */,
				F5CEB48A2039FDC100F5CB2B /* Resources */,
			);
			buildRules = (
			);
			dependencies = (
			);
			name = Shopper;
			productName = Shopper;
			productReference = F5CEB48C2039FDC100F5CB2B /* Shopper.app */;
			productType = "com.apple.product-type.application";
		};
		F5CEB4A8203A1E7900F5CB2B /* ShopperTests */ = {
			isa = PBXNativeTarget;
			buildConfigurationList = F5CEB4B0203A1E7900F5CB2B /* Build configuration list for PBXNativeTarget "ShopperTests" */;
			buildPhases = (
				F5CEB4A5203A1E7900F5CB2B /* Sources */,
				F5CEB4A6203A1E7900F5CB2B /* Frameworks */,
				F5CEB4A7203A1E7900F5CB2B /* Resources */,
			);
			buildRules = (
			);
			dependencies = (
				F5CEB4AF203A1E7900F5CB2B /* PBXTargetDependency */,
			);
			name = ShopperTests;
			productName = ShopperTests;
			productReference = F5CEB4A9203A1E7900F5CB2B /* ShopperTests.xctest */;
			productType = "com.apple.product-type.bundle.unit-test";
		};
/* End PBXNativeTarget section */

/* Begin PBXProject section */
		F5CEB4842039FDC100F5CB2B /* Project object */ = {
			isa = PBXProject;
			attributes = {
				LastSwiftUpdateCheck = 0920;
				LastUpgradeCheck = 0920;
				ORGANIZATIONNAME = iOSDevStudio;
				TargetAttributes = {
					F5CEB48B2039FDC100F5CB2B = {
						CreatedOnToolsVersion = 9.2;
						ProvisioningStyle = Automatic;
					};
					F5CEB4A8203A1E7900F5CB2B = {
						CreatedOnToolsVersion = 9.2;
						ProvisioningStyle = Automatic;
						TestTargetID = F5CEB48B2039FDC100F5CB2B;
					};
				};
			};
			buildConfigurationList = F5CEB4872039FDC100F5CB2B /* Build configuration list for PBXProject "Shopper" */;
			compatibilityVersion = "Xcode 8.0";
			developmentRegion = en;
			hasScannedForEncodings = 0;
			knownRegions = (
				en,
				Base,
			);
			mainGroup = F5CEB4832039FDC100F5CB2B;
			productRefGroup = F5CEB48D2039FDC100F5CB2B /* Products */;
			projectDirPath = "";
			projectRoot = "";
			targets = (
				F5CEB48B2039FDC100F5CB2B /* Shopper */,
				F5CEB4A8203A1E7900F5CB2B /* ShopperTests */,
			);
		};
/* End PBXProject section */

/* Begin PBXResourcesBuildPhase section */
		F5CEB48A2039FDC100F5CB2B /* Resources */ = {
			isa = PBXResourcesBuildPhase;
			buildActionMask = 2147483647;
			files = (
				F5CEB49A2039FDC100F5CB2B /* LaunchScreen.storyboard in Resources */,
				F5CEB4972039FDC100F5CB2B /* Assets.xcassets in Resources */,
				F5CEB4952039FDC100F5CB2B /* Main.storyboard in Resources */,
			);
			runOnlyForDeploymentPostprocessing = 0;
		};
		F5CEB4A7203A1E7900F5CB2B /* Resources */ = {
			isa = PBXResourcesBuildPhase;
			buildActionMask = 2147483647;
			files = (
			);
			runOnlyForDeploymentPostprocessing = 0;
		};
/* End PBXResourcesBuildPhase section */

/* Begin PBXSourcesBuildPhase section */
		F5CEB4882039FDC100F5CB2B /* Sources */ = {
			isa = PBXSourcesBuildPhase;
			buildActionMask = 2147483647;
			files = (
				F5CEB4A4203A00C000F5CB2B /* CurrencyTxtField.swift in Sources */,
				F5CEB4B5203A1F2900F5CB2B /* Wage.swift in Sources */,
				F5CEB4922039FDC100F5CB2B /* MainViewController.swift in Sources */,
				F5CEB4902039FDC100F5CB2B /* AppDelegate.swift in Sources */,
			);
			runOnlyForDeploymentPostprocessing = 0;
		};
		F5CEB4A5203A1E7900F5CB2B /* Sources */ = {
			isa = PBXSourcesBuildPhase;
			buildActionMask = 2147483647;
			files = (
				F5CEB4AC203A1E7900F5CB2B /* ShopperTests.swift in Sources */,
				F5CEB4B6203A206500F5CB2B /* Wage.swift in Sources */,
			);
			runOnlyForDeploymentPostprocessing = 0;
		};
/* End PBXSourcesBuildPhase section */

/* Begin PBXTargetDependency section */
		F5CEB4AF203A1E7900F5CB2B /* PBXTargetDependency */ = {
			isa = PBXTargetDependency;
			target = F5CEB48B2039FDC100F5CB2B /* Shopper */;
			targetProxy = F5CEB4AE203A1E7900F5CB2B /* PBXContainerItemProxy */;
		};
/* End PBXTargetDependency section */

/* Begin PBXVariantGroup section */
		F5CEB4932039FDC100F5CB2B /* Main.storyboard */ = {
			isa = PBXVariantGroup;
			children = (
				F5CEB4942039FDC100F5CB2B /* Base */,
			);
			name = Main.storyboard;
			sourceTree = "<group>";
		};
		F5CEB4982039FDC100F5CB2B /* LaunchScreen.storyboard */ = {
			isa = PBXVariantGroup;
			children = (
				F5CEB4992039FDC100F5CB2B /* Base */,
			);
			name = LaunchScreen.storyboard;
			sourceTree = "<group>";
		};
/* End PBXVariantGroup section */

/* Begin XCBuildConfiguration section */
		F5CEB49C2039FDC100F5CB2B /* Debug */ = {
			isa = XCBuildConfiguration;
			buildSettings = {
				ALWAYS_SEARCH_USER_PATHS = NO;
				CLANG_ANALYZER_NONNULL = YES;
				CLANG_ANALYZER_NUMBER_OBJECT_CONVERSION = YES_AGGRESSIVE;
				CLANG_CXX_LANGUAGE_STANDARD = "gnu++14";
				CLANG_CXX_LIBRARY = "libc++";
				CLANG_ENABLE_MODULES = YES;
				CLANG_ENABLE_OBJC_ARC = YES;
				CLANG_WARN_BLOCK_CAPTURE_AUTORELEASING = YES;
				CLANG_WARN_BOOL_CONVERSION = YES;
				CLANG_WARN_COMMA = YES;
				CLANG_WARN_CONSTANT_CONVERSION = YES;
				CLANG_WARN_DIRECT_OBJC_ISA_USAGE = YES_ERROR;
				CLANG_WARN_DOCUMENTATION_COMMENTS = YES;
				CLANG_WARN_EMPTY_BODY = YES;
				CLANG_WARN_ENUM_CONVERSION = YES;
				CLANG_WARN_INFINITE_RECURSION = YES;
				CLANG_WARN_INT_CONVERSION = YES;
				CLANG_WARN_NON_LITERAL_NULL_CONVERSION = YES;
				CLANG_WARN_OBJC_LITERAL_CONVERSION = YES;
				CLANG_WARN_OBJC_ROOT_CLASS = YES_ERROR;
				CLANG_WARN_RANGE_LOOP_ANALYSIS = YES;
				CLANG_WARN_STRICT_PROTOTYPES = YES;
				CLANG_WARN_SUSPICIOUS_MOVE = YES;
				CLANG_WARN_UNGUARDED_AVAILABILITY = YES_AGGRESSIVE;
				CLANG_WARN_UNREACHABLE_CODE = YES;
				CLANG_WARN__DUPLICATE_METHOD_MATCH = YES;
				CODE_SIGN_IDENTITY = "iPhone Developer";
				COPY_PHASE_STRIP = NO;
				DEBUG_INFORMATION_FORMAT = dwarf;
				ENABLE_STRICT_OBJC_MSGSEND = YES;
				ENABLE_TESTABILITY = YES;
				GCC_C_LANGUAGE_STANDARD = gnu11;
				GCC_DYNAMIC_NO_PIC = NO;
				GCC_NO_COMMON_BLOCKS = YES;
				GCC_OPTIMIZATION_LEVEL = 0;
				GCC_PREPROCESSOR_DEFINITIONS = (
					"DEBUG=1",
					"$(inherited)",
				);
				GCC_WARN_64_TO_32_BIT_CONVERSION = YES;
				GCC_WARN_ABOUT_RETURN_TYPE = YES_ERROR;
				GCC_WARN_UNDECLARED_SELECTOR = YES;
				GCC_WARN_UNINITIALIZED_AUTOS = YES_AGGRESSIVE;
				GCC_WARN_UNUSED_FUNCTION = YES;
				GCC_WARN_UNUSED_VARIABLE = YES;
				IPHONEOS_DEPLOYMENT_TARGET = 11.2;
				MTL_ENABLE_DEBUG_INFO = YES;
				ONLY_ACTIVE_ARCH = YES;
				SDKROOT = iphoneos;
				SWIFT_ACTIVE_COMPILATION_CONDITIONS = DEBUG;
				SWIFT_OPTIMIZATION_LEVEL = "-Onone";
			};
			name = Debug;
		};
		F5CEB49D2039FDC100F5CB2B /* Release */ = {
			isa = XCBuildConfiguration;
			buildSettings = {
				ALWAYS_SEARCH_USER_PATHS = NO;
				CLANG_ANALYZER_NONNULL = YES;
				CLANG_ANALYZER_NUMBER_OBJECT_CONVERSION = YES_AGGRESSIVE;
				CLANG_CXX_LANGUAGE_STANDARD = "gnu++14";
				CLANG_CXX_LIBRARY = "libc++";
				CLANG_ENABLE_MODULES = YES;
				CLANG_ENABLE_OBJC_ARC = YES;
				CLANG_WARN_BLOCK_CAPTURE_AUTORELEASING = YES;
				CLANG_WARN_BOOL_CONVERSION = YES;
				CLANG_WARN_COMMA = YES;
				CLANG_WARN_CONSTANT_CONVERSION = YES;
				CLANG_WARN_DIRECT_OBJC_ISA_USAGE = YES_ERROR;
				CLANG_WARN_DOCUMENTATION_COMMENTS = YES;
				CLANG_WARN_EMPTY_BODY = YES;
				CLANG_WARN_ENUM_CONVERSION = YES;
				CLANG_WARN_INFINITE_RECURSION = YES;
				CLANG_WARN_INT_CONVERSION = YES;
				CLANG_WARN_NON_LITERAL_NULL_CONVERSION = YES;
				CLANG_WARN_OBJC_LITERAL_CONVERSION = YES;
				CLANG_WARN_OBJC_ROOT_CLASS = YES_ERROR;
				CLANG_WARN_RANGE_LOOP_ANALYSIS = YES;
				CLANG_WARN_STRICT_PROTOTYPES = YES;
				CLANG_WARN_SUSPICIOUS_MOVE = YES;
				CLANG_WARN_UNGUARDED_AVAILABILITY = YES_AGGRESSIVE;
				CLANG_WARN_UNREACHABLE_CODE = YES;
				CLANG_WARN__DUPLICATE_METHOD_MATCH = YES;
				CODE_SIGN_IDENTITY = "iPhone Developer";
				COPY_PHASE_STRIP = NO;
				DEBUG_INFORMATION_FORMAT = "dwarf-with-dsym";
				ENABLE_NS_ASSERTIONS = NO;
				ENABLE_STRICT_OBJC_MSGSEND = YES;
				GCC_C_LANGUAGE_STANDARD = gnu11;
				GCC_NO_COMMON_BLOCKS = YES;
				GCC_WARN_64_TO_32_BIT_CONVERSION = YES;
				GCC_WARN_ABOUT_RETURN_TYPE = YES_ERROR;
				GCC_WARN_UNDECLARED_SELECTOR = YES;
				GCC_WARN_UNINITIALIZED_AUTOS = YES_AGGRESSIVE;
				GCC_WARN_UNUSED_FUNCTION = YES;
				GCC_WARN_UNUSED_VARIABLE = YES;
				IPHONEOS_DEPLOYMENT_TARGET = 11.2;
				MTL_ENABLE_DEBUG_INFO = NO;
				SDKROOT = iphoneos;
				SWIFT_OPTIMIZATION_LEVEL = "-Owholemodule";
				VALIDATE_PRODUCT = YES;
			};
			name = Release;
		};
		F5CEB49F2039FDC100F5CB2B /* Debug */ = {
			isa = XCBuildConfiguration;
			buildSettings = {
				ASSETCATALOG_COMPILER_APPICON_NAME = AppIcon;
				CODE_SIGN_STYLE = Automatic;
				DEVELOPMENT_TEAM = L5MEY32333;
				INFOPLIST_FILE = Shopper/Info.plist;
				LD_RUNPATH_SEARCH_PATHS = "$(inherited) @executable_path/Frameworks";
				PRODUCT_BUNDLE_IDENTIFIER = com.iosdevstudio.Shopper;
				PRODUCT_NAME = "$(TARGET_NAME)";
				SWIFT_VERSION = 4.0;
				TARGETED_DEVICE_FAMILY = 1;
			};
			name = Debug;
		};
		F5CEB4A02039FDC100F5CB2B /* Release */ = {
			isa = XCBuildConfiguration;
			buildSettings = {
				ASSETCATALOG_COMPILER_APPICON_NAME = AppIcon;
				CODE_SIGN_STYLE = Automatic;
				DEVELOPMENT_TEAM = L5MEY32333;
				INFOPLIST_FILE = Shopper/Info.plist;
				LD_RUNPATH_SEARCH_PATHS = "$(inherited) @executable_path/Frameworks";
				PRODUCT_BUNDLE_IDENTIFIER = com.iosdevstudio.Shopper;
				PRODUCT_NAME = "$(TARGET_NAME)";
				SWIFT_VERSION = 4.0;
				TARGETED_DEVICE_FAMILY = 1;
			};
			name = Release;
		};
		F5CEB4B1203A1E7900F5CB2B /* Debug */ = {
			isa = XCBuildConfiguration;
			buildSettings = {
				BUNDLE_LOADER = "$(TEST_HOST)";
				CODE_SIGN_STYLE = Automatic;
				DEVELOPMENT_TEAM = L5MEY32333;
				INFOPLIST_FILE = ShopperTests/Info.plist;
				LD_RUNPATH_SEARCH_PATHS = "$(inherited) @executable_path/Frameworks @loader_path/Frameworks";
				PRODUCT_BUNDLE_IDENTIFIER = com.iosdevstudio.ShopperTests;
				PRODUCT_NAME = "$(TARGET_NAME)";
				SWIFT_VERSION = 4.0;
				TARGETED_DEVICE_FAMILY = "1,2";
				TEST_HOST = "$(BUILT_PRODUCTS_DIR)/Shopper.app/Shopper";
			};
			name = Debug;
		};
		F5CEB4B2203A1E7900F5CB2B /* Release */ = {
			isa = XCBuildConfiguration;
			buildSettings = {
				BUNDLE_LOADER = "$(TEST_HOST)";
				CODE_SIGN_STYLE = Automatic;
				DEVELOPMENT_TEAM = L5MEY32333;
				INFOPLIST_FILE = ShopperTests/Info.plist;
				LD_RUNPATH_SEARCH_PATHS = "$(inherited) @executable_path/Frameworks @loader_path/Frameworks";
				PRODUCT_BUNDLE_IDENTIFIER = com.iosdevstudio.ShopperTests;
				PRODUCT_NAME = "$(TARGET_NAME)";
				SWIFT_VERSION = 4.0;
				TARGETED_DEVICE_FAMILY = "1,2";
				TEST_HOST = "$(BUILT_PRODUCTS_DIR)/Shopper.app/Shopper";
			};
			name = Release;
		};
/* End XCBuildConfiguration section */

/* Begin XCConfigurationList section */
		F5CEB4872039FDC100F5CB2B /* Build configuration list for PBXProject "Shopper" */ = {
			isa = XCConfigurationList;
			buildConfigurations = (
				F5CEB49C2039FDC100F5CB2B /* Debug */,
				F5CEB49D2039FDC100F5CB2B /* Release */,
			);
			defaultConfigurationIsVisible = 0;
			defaultConfigurationName = Release;
		};
		F5CEB49E2039FDC100F5CB2B /* Build configuration list for PBXNativeTarget "Shopper" */ = {
			isa = XCConfigurationList;
			buildConfigurations = (
				F5CEB49F2039FDC100F5CB2B /* Debug */,
				F5CEB4A02039FDC100F5CB2B /* Release */,
			);
			defaultConfigurationIsVisible = 0;
			defaultConfigurationName = Release;
		};
		F5CEB4B0203A1E7900F5CB2B /* Build configuration list for PBXNativeTarget "ShopperTests" */ = {
			isa = XCConfigurationList;
			buildConfigurations = (
				F5CEB4B1203A1E7900F5CB2B /* Debug */,
				F5CEB4B2203A1E7900F5CB2B /* Release */,
			);
			defaultConfigurationIsVisible = 0;
			defaultConfigurationName = Release;
		};
/* End XCConfigurationList section */
	};
	rootObject = F5CEB4842039FDC100F5CB2B /* Project object */;
}
